
Microsoft Visual Studio Solution File, Format Version 12.00
# Visual Studio Version 17
VisualStudioVersion = 17.10.35013.160
MinimumVisualStudioVersion = 10.0.40219.1
Project("{FAE04EC0-301F-11D3-BF4B-00C04F79EFBC}") = "GestaoPessoasApi", "GestaoPessoasApi\GestaoPessoasApi.csproj", "{EEFCFBD3-9E44-4156-BB03-6D89F635123B}"
EndProject
Global
	GlobalSection(SolutionConfigurationPlatforms) = preSolution
		Debug|Any CPU = Debug|Any CPU
		Release|Any CPU = Release|Any CPU
	EndGlobalSection
	GlobalSection(ProjectConfigurationPlatforms) = postSolution
		{EEFCFBD3-9E44-4156-BB03-6D89F635123B}.Debug|Any CPU.ActiveCfg = Debug|Any CPU
		{EEFCFBD3-9E44-4156-BB03-6D89F635123B}.Debug|Any CPU.Build.0 = Debug|Any CPU
		{EEFCFBD3-9E44-4156-BB03-6D89F635123B}.Release|Any CPU.ActiveCfg = Release|Any CPU
		{EEFCFBD3-9E44-4156-BB03-6D89F635123B}.Release|Any CPU.Build.0 = Release|Any CPU
	EndGlobalSection
	GlobalSection(SolutionProperties) = preSolution
		HideSolutionNode = FALSE
	EndGlobalSection
	GlobalSection(ExtensibilityGlobals) = postSolution
		SolutionGuid = {46B54742-4F19-4F20-8CA8-66509E063BA5}
	EndGlobalSection
EndGlobal
